# This file is automatically @generated by pesde.
# It is not intended for manual editing.
format = 2
name = "caveful_games/visual_sauce"
version = "0.1.0"
target = "roblox"

[graph."marked/jecs@0.9.0-rc.2 roblox"]
direct = ["jecs", { name = "marked/jecs", version = "^0.9.0-rc.2", index = "default" }, "standard"]

[graph."marked/jecs@0.9.0-rc.2 roblox".pkg_ref]
ref_ty = "pesde"
index_url = "https://github.com/pesde-pkg/index"
